
Microsoft Visual Studio Solution File, Format Version 12.00
# Visual Studio Version 17
VisualStudioVersion = 17.14.36408.4
MinimumVisualStudioVersion = 10.0.40219.1
Project("{FAE04EC0-301F-11D3-BF4B-00C04F79EFBC}") = "Exam_CA.Application", "Exam_CA.Application\Exam_CA.Application.csproj", "{8B152F06-D6CA-4BDE-9366-9AFEE023F393}"
EndProject
Project("{FAE04EC0-301F-11D3-BF4B-00C04F79EFBC}") = "Exam_CA.Domain", "Exam_CA.Domain\Exam_CA.Domain.csproj", "{C47780E9-7F2D-4D71-A697-56FDB4786D32}"
EndProject
Project("{FAE04EC0-301F-11D3-BF4B-00C04F79EFBC}") = "Exam_CA.Infraestructure", "Exam_CA.Infraestructure\Exam_CA.Infraestructure.csproj", "{84DFBA98-DC8E-4905-94A0-8CB06DF69D23}"
EndProject
Project("{FAE04EC0-301F-11D3-BF4B-00C04F79EFBC}") = "Exam_CA.WebApi", "Exam_CA.WebApi\Exam_CA.WebApi.csproj", "{DE4A080A-7BF3-43DB-AED7-572AA74AF65F}"
EndProject
Project("{FAE04EC0-301F-11D3-BF4B-00C04F79EFBC}") = "Exam_CA.UnitTests", "Exam_CA.UnitTests\Exam_CA.UnitTests.csproj", "{47C65DC0-5A82-4483-BB5A-DB4BD3D6134F}"
EndProject
Project("{2150E333-8FDC-42A3-9474-1A3956D46DE8}") = "Elementos de la solución", "Elementos de la solución", "{D107F4C8-89CC-BEA8-D3D7-CA6B7733353D}"
	ProjectSection(SolutionItems) = preProject
		C:\Users\52961\Desktop\Exam Caja\Script Database.sql = C:\Users\52961\Desktop\Exam Caja\Script Database.sql
	EndProjectSection
EndProject
Global
	GlobalSection(SolutionConfigurationPlatforms) = preSolution
		Debug|Any CPU = Debug|Any CPU
		Release|Any CPU = Release|Any CPU
	EndGlobalSection
	GlobalSection(ProjectConfigurationPlatforms) = postSolution
		{8B152F06-D6CA-4BDE-9366-9AFEE023F393}.Debug|Any CPU.ActiveCfg = Debug|Any CPU
		{8B152F06-D6CA-4BDE-9366-9AFEE023F393}.Debug|Any CPU.Build.0 = Debug|Any CPU
		{8B152F06-D6CA-4BDE-9366-9AFEE023F393}.Release|Any CPU.ActiveCfg = Release|Any CPU
		{8B152F06-D6CA-4BDE-9366-9AFEE023F393}.Release|Any CPU.Build.0 = Release|Any CPU
		{C47780E9-7F2D-4D71-A697-56FDB4786D32}.Debug|Any CPU.ActiveCfg = Debug|Any CPU
		{C47780E9-7F2D-4D71-A697-56FDB4786D32}.Debug|Any CPU.Build.0 = Debug|Any CPU
		{C47780E9-7F2D-4D71-A697-56FDB4786D32}.Release|Any CPU.ActiveCfg = Release|Any CPU
		{C47780E9-7F2D-4D71-A697-56FDB4786D32}.Release|Any CPU.Build.0 = Release|Any CPU
		{84DFBA98-DC8E-4905-94A0-8CB06DF69D23}.Debug|Any CPU.ActiveCfg = Debug|Any CPU
		{84DFBA98-DC8E-4905-94A0-8CB06DF69D23}.Debug|Any CPU.Build.0 = Debug|Any CPU
		{84DFBA98-DC8E-4905-94A0-8CB06DF69D23}.Release|Any CPU.ActiveCfg = Release|Any CPU
		{84DFBA98-DC8E-4905-94A0-8CB06DF69D23}.Release|Any CPU.Build.0 = Release|Any CPU
		{DE4A080A-7BF3-43DB-AED7-572AA74AF65F}.Debug|Any CPU.ActiveCfg = Debug|Any CPU
		{DE4A080A-7BF3-43DB-AED7-572AA74AF65F}.Debug|Any CPU.Build.0 = Debug|Any CPU
		{DE4A080A-7BF3-43DB-AED7-572AA74AF65F}.Release|Any CPU.ActiveCfg = Release|Any CPU
		{DE4A080A-7BF3-43DB-AED7-572AA74AF65F}.Release|Any CPU.Build.0 = Release|Any CPU
		{47C65DC0-5A82-4483-BB5A-DB4BD3D6134F}.Debug|Any CPU.ActiveCfg = Debug|Any CPU
		{47C65DC0-5A82-4483-BB5A-DB4BD3D6134F}.Debug|Any CPU.Build.0 = Debug|Any CPU
		{47C65DC0-5A82-4483-BB5A-DB4BD3D6134F}.Release|Any CPU.ActiveCfg = Release|Any CPU
		{47C65DC0-5A82-4483-BB5A-DB4BD3D6134F}.Release|Any CPU.Build.0 = Release|Any CPU
	EndGlobalSection
	GlobalSection(SolutionProperties) = preSolution
		HideSolutionNode = FALSE
	EndGlobalSection
	GlobalSection(ExtensibilityGlobals) = postSolution
		SolutionGuid = {AD00FF7C-AE34-4CE8-AD3A-FD685C59D287}
	EndGlobalSection
EndGlobal
